// !$*UTF8*$!
{
	archiveVersion = 1;
	classes = {
	};
	objectVersion = 50;
	objects = {

/* Begin PBXBuildFile section */
		2AE3727623151C5B00E83724 /* AppDelegate.swift in Sources */ = {isa = PBXBuildFile; fileRef = 2AE3727523151C5B00E83724 /* AppDelegate.swift */; };
		2AE3727823151C5B00E83724 /* ViewController.swift in Sources */ = {isa = PBXBuildFile; fileRef = 2AE3727723151C5B00E83724 /* ViewController.swift */; };
		2AE3727B23151C5B00E83724 /* Main.storyboard in Resources */ = {isa = PBXBuildFile; fileRef = 2AE3727923151C5B00E83724 /* Main.storyboard */; };
		2AE3727D23151C5B00E83724 /* Assets.xcassets in Resources */ = {isa = PBXBuildFile; fileRef = 2AE3727C23151C5B00E83724 /* Assets.xcassets */; };
		2AE3728023151C5B00E83724 /* LaunchScreen.storyboard in Resources */ = {isa = PBXBuildFile; fileRef = 2AE3727E23151C5B00E83724 /* LaunchScreen.storyboard */; };
		2AE3728B23151C5C00E83724 /* SwiftProjectTests.swift in Sources */ = {isa = PBXBuildFile; fileRef = 2AE3728A23151C5C00E83724 /* SwiftProjectTests.swift */; };
		2AE3729623151C5C00E83724 /* SwiftProjectUITests.swift in Sources */ = {isa = PBXBuildFile; fileRef = 2AE3729523151C5C00E83724 /* SwiftProjectUITests.swift */; };
		2AE372A523151F1300E83724 /* TabBarViewController.swift in Sources */ = {isa = PBXBuildFile; fileRef = 2AE372A423151F1300E83724 /* TabBarViewController.swift */; };
		2AE372A723152ADA00E83724 /* ListDemoViewController.swift in Sources */ = {isa = PBXBuildFile; fileRef = 2AE372A623152ADA00E83724 /* ListDemoViewController.swift */; };
		2AE372AA231531FC00E83724 /* BlockDemoViewController.swift in Sources */ = {isa = PBXBuildFile; fileRef = 2AE372A8231531FC00E83724 /* BlockDemoViewController.swift */; };
		2AE372AB231531FC00E83724 /* BlockDemoViewController.xib in Resources */ = {isa = PBXBuildFile; fileRef = 2AE372A9231531FC00E83724 /* BlockDemoViewController.xib */; };
/* End PBXBuildFile section */

/* Begin PBXContainerItemProxy section */
		2AE3728723151C5C00E83724 /* PBXContainerItemProxy */ = {
			isa = PBXContainerItemProxy;
			containerPortal = 2AE3726A23151C5B00E83724 /* Project object */;
			proxyType = 1;
			remoteGlobalIDString = 2AE3727123151C5B00E83724;
			remoteInfo = SwiftProject;
		};
		2AE3729223151C5C00E83724 /* PBXContainerItemProxy */ = {
			isa = PBXContainerItemProxy;
			containerPortal = 2AE3726A23151C5B00E83724 /* Project object */;
			proxyType = 1;
			remoteGlobalIDString = 2AE3727123151C5B00E83724;
			remoteInfo = SwiftProject;
		};
/* End PBXContainerItemProxy section */

/* Begin PBXFileReference section */
		2AE3727223151C5B00E83724 /* SwiftProject.app */ = {isa = PBXFileReference; explicitFileType = wrapper.application; includeInIndex = 0; path = SwiftProject.app; sourceTree = BUILT_PRODUCTS_DIR; };
		2AE3727523151C5B00E83724 /* AppDelegate.swift */ = {isa = PBXFileReference; lastKnownFileType = sourcecode.swift; path = AppDelegate.swift; sourceTree = "<group>"; };
		2AE3727723151C5B00E83724 /* ViewController.swift */ = {isa = PBXFileReference; lastKnownFileType = sourcecode.swift; path = ViewController.swift; sourceTree = "<group>"; };
		2AE3727A23151C5B00E83724 /* Base */ = {isa = PBXFileReference; lastKnownFileType = file.storyboard; name = Base; path = Base.lproj/Main.storyboard; sourceTree = "<group>"; };
		2AE3727C23151C5B00E83724 /* Assets.xcassets */ = {isa = PBXFileReference; lastKnownFileType = folder.assetcatalog; path = Assets.xcassets; sourceTree = "<group>"; };
		2AE3727F23151C5B00E83724 /* Base */ = {isa = PBXFileReference; lastKnownFileType = file.storyboard; name = Base; path = Base.lproj/LaunchScreen.storyboard; sourceTree = "<group>"; };
		2AE3728123151C5B00E83724 /* Info.plist */ = {isa = PBXFileReference; lastKnownFileType = text.plist.xml; path = Info.plist; sourceTree = "<group>"; };
		2AE3728623151C5C00E83724 /* SwiftProjectTests.xctest */ = {isa = PBXFileReference; explicitFileType = wrapper.cfbundle; includeInIndex = 0; path = SwiftProjectTests.xctest; sourceTree = BUILT_PRODUCTS_DIR; };
		2AE3728A23151C5C00E83724 /* SwiftProjectTests.swift */ = {isa = PBXFileReference; lastKnownFileType = sourcecode.swift; path = SwiftProjectTests.swift; sourceTree = "<group>"; };
		2AE3728C23151C5C00E83724 /* Info.plist */ = {isa = PBXFileReference; lastKnownFileType = text.plist.xml; path = Info.plist; sourceTree = "<group>"; };
		2AE3729123151C5C00E83724 /* SwiftProjectUITests.xctest */ = {isa = PBXFileReference; explicitFileType = wrapper.cfbundle; includeInIndex = 0; path = SwiftProjectUITests.xctest; sourceTree = BUILT_PRODUCTS_DIR; };
		2AE3729523151C5C00E83724 /* SwiftProjectUITests.swift */ = {isa = PBXFileReference; lastKnownFileType = sourcecode.swift; path = SwiftProjectUITests.swift; sourceTree = "<group>"; };
		2AE3729723151C5C00E83724 /* Info.plist */ = {isa = PBXFileReference; lastKnownFileType = text.plist.xml; path = Info.plist; sourceTree = "<group>"; };
		2AE372A423151F1300E83724 /* TabBarViewController.swift */ = {isa = PBXFileReference; lastKnownFileType = sourcecode.swift; path = TabBarViewController.swift; sourceTree = "<group>"; };
		2AE372A623152ADA00E83724 /* ListDemoViewController.swift */ = {isa = PBXFileReference; lastKnownFileType = sourcecode.swift; path = ListDemoViewController.swift; sourceTree = "<group>"; };
		2AE372A8231531FC00E83724 /* BlockDemoViewController.swift */ = {isa = PBXFileReference; lastKnownFileType = sourcecode.swift; path = BlockDemoViewController.swift; sourceTree = "<group>"; };
		2AE372A9231531FC00E83724 /* BlockDemoViewController.xib */ = {isa = PBXFileReference; lastKnownFileType = file.xib; path = BlockDemoViewController.xib; sourceTree = "<group>"; };
/* End PBXFileReference section */

/* Begin PBXFrameworksBuildPhase section */
		2AE3726F23151C5B00E83724 /* Frameworks */ = {
			isa = PBXFrameworksBuildPhase;
			buildActionMask = 2147483647;
			files = (
			);
			runOnlyForDeploymentPostprocessing = 0;
		};
		2AE3728323151C5C00E83724 /* Frameworks */ = {
			isa = PBXFrameworksBuildPhase;
			buildActionMask = 2147483647;
			files = (
			);
			runOnlyForDeploymentPostprocessing = 0;
		};
		2AE3728E23151C5C00E83724 /* Frameworks */ = {
			isa = PBXFrameworksBuildPhase;
			buildActionMask = 2147483647;
			files = (
			);
			runOnlyForDeploymentPostprocessing = 0;
		};
/* End PBXFrameworksBuildPhase section */

/* Begin PBXGroup section */
		2AE3726923151C5B00E83724 = {
			isa = PBXGroup;
			children = (
				2AE3727423151C5B00E83724 /* SwiftProject */,
				2AE3728923151C5C00E83724 /* SwiftProjectTests */,
				2AE3729423151C5C00E83724 /* SwiftProjectUITests */,
				2AE3727323151C5B00E83724 /* Products */,
			);
			sourceTree = "<group>";
		};
		2AE3727323151C5B00E83724 /* Products */ = {
			isa = PBXGroup;
			children = (
				2AE3727223151C5B00E83724 /* SwiftProject.app */,
				2AE3728623151C5C00E83724 /* SwiftProjectTests.xctest */,
				2AE3729123151C5C00E83724 /* SwiftProjectUITests.xctest */,
			);
			name = Products;
			sourceTree = "<group>";
		};
		2AE3727423151C5B00E83724 /* SwiftProject */ = {
			isa = PBXGroup;
			children = (
				2AE372A323151E9000E83724 /* TabbarViewController */,
				2AE3727523151C5B00E83724 /* AppDelegate.swift */,
				2AE3727723151C5B00E83724 /* ViewController.swift */,
				2AE372A623152ADA00E83724 /* ListDemoViewController.swift */,
				2AE372A8231531FC00E83724 /* BlockDemoViewController.swift */,
				2AE372A9231531FC00E83724 /* BlockDemoViewController.xib */,
				2AE3727923151C5B00E83724 /* Main.storyboard */,
				2AE3727C23151C5B00E83724 /* Assets.xcassets */,
				2AE3727E23151C5B00E83724 /* LaunchScreen.storyboard */,
				2AE3728123151C5B00E83724 /* Info.plist */,
			);
			path = SwiftProject;
			sourceTree = "<group>";
		};
		2AE3728923151C5C00E83724 /* SwiftProjectTests */ = {
			isa = PBXGroup;
			children = (
				2AE3728A23151C5C00E83724 /* SwiftProjectTests.swift */,
				2AE3728C23151C5C00E83724 /* Info.plist */,
			);
			path = SwiftProjectTests;
			sourceTree = "<group>";
		};
		2AE3729423151C5C00E83724 /* SwiftProjectUITests */ = {
			isa = PBXGroup;
			children = (
				2AE3729523151C5C00E83724 /* SwiftProjectUITests.swift */,
				2AE3729723151C5C00E83724 /* Info.plist */,
			);
			path = SwiftProjectUITests;
			sourceTree = "<group>";
		};
		2AE372A323151E9000E83724 /* TabbarViewController */ = {
			isa = PBXGroup;
			children = (
				2AE372A423151F1300E83724 /* TabBarViewController.swift */,
			);
			path = TabbarViewController;
			sourceTree = "<group>";
		};
/* End PBXGroup section */

/* Begin PBXNativeTarget section */
		2AE3727123151C5B00E83724 /* SwiftProject */ = {
			isa = PBXNativeTarget;
			buildConfigurationList = 2AE3729A23151C5C00E83724 /* Build configuration list for PBXNativeTarget "SwiftProject" */;
			buildPhases = (
				2AE3726E23151C5B00E83724 /* Sources */,
				2AE3726F23151C5B00E83724 /* Frameworks */,
				2AE3727023151C5B00E83724 /* Resources */,
			);
			buildRules = (
			);
			dependencies = (
			);
			name = SwiftProject;
			productName = SwiftProject;
			productReference = 2AE3727223151C5B00E83724 /* SwiftProject.app */;
			productType = "com.apple.product-type.application";
		};
		2AE3728523151C5C00E83724 /* SwiftProjectTests */ = {
			isa = PBXNativeTarget;
			buildConfigurationList = 2AE3729D23151C5C00E83724 /* Build configuration list for PBXNativeTarget "SwiftProjectTests" */;
			buildPhases = (
				2AE3728223151C5C00E83724 /* Sources */,
				2AE3728323151C5C00E83724 /* Frameworks */,
				2AE3728423151C5C00E83724 /* Resources */,
			);
			buildRules = (
			);
			dependencies = (
				2AE3728823151C5C00E83724 /* PBXTargetDependency */,
			);
			name = SwiftProjectTests;
			productName = SwiftProjectTests;
			productReference = 2AE3728623151C5C00E83724 /* SwiftProjectTests.xctest */;
			productType = "com.apple.product-type.bundle.unit-test";
		};
		2AE3729023151C5C00E83724 /* SwiftProjectUITests */ = {
			isa = PBXNativeTarget;
			buildConfigurationList = 2AE372A023151C5C00E83724 /* Build configuration list for PBXNativeTarget "SwiftProjectUITests" */;
			buildPhases = (
				2AE3728D23151C5C00E83724 /* Sources */,
				2AE3728E23151C5C00E83724 /* Frameworks */,
				2AE3728F23151C5C00E83724 /* Resources */,
			);
			buildRules = (
			);
			dependencies = (
				2AE3729323151C5C00E83724 /* PBXTargetDependency */,
			);
			name = SwiftProjectUITests;
			productName = SwiftProjectUITests;
			productReference = 2AE3729123151C5C00E83724 /* SwiftProjectUITests.xctest */;
			productType = "com.apple.product-type.bundle.ui-testing";
		};
/* End PBXNativeTarget section */

/* Begin PBXProject section */
		2AE3726A23151C5B00E83724 /* Project object */ = {
			isa = PBXProject;
			attributes = {
				LastSwiftUpdateCheck = 1020;
				LastUpgradeCheck = 1020;
				ORGANIZATIONNAME = zzz;
				TargetAttributes = {
					2AE3727123151C5B00E83724 = {
						CreatedOnToolsVersion = 10.2.1;
					};
					2AE3728523151C5C00E83724 = {
						CreatedOnToolsVersion = 10.2.1;
						TestTargetID = 2AE3727123151C5B00E83724;
					};
					2AE3729023151C5C00E83724 = {
						CreatedOnToolsVersion = 10.2.1;
						TestTargetID = 2AE3727123151C5B00E83724;
					};
				};
			};
			buildConfigurationList = 2AE3726D23151C5B00E83724 /* Build configuration list for PBXProject "SwiftProject" */;
			compatibilityVersion = "Xcode 9.3";
			developmentRegion = en;
			hasScannedForEncodings = 0;
			knownRegions = (
				en,
				Base,
			);
			mainGroup = 2AE3726923151C5B00E83724;
			productRefGroup = 2AE3727323151C5B00E83724 /* Products */;
			projectDirPath = "";
			projectRoot = "";
			targets = (
				2AE3727123151C5B00E83724 /* SwiftProject */,
				2AE3728523151C5C00E83724 /* SwiftProjectTests */,
				2AE3729023151C5C00E83724 /* SwiftProjectUITests */,
			);
		};
/* End PBXProject section */

/* Begin PBXResourcesBuildPhase section */
		2AE3727023151C5B00E83724 /* Resources */ = {
			isa = PBXResourcesBuildPhase;
			buildActionMask = 2147483647;
			files = (
				2AE3728023151C5B00E83724 /* LaunchScreen.storyboard in Resources */,
				2AE3727D23151C5B00E83724 /* Assets.xcassets in Resources */,
				2AE3727B23151C5B00E83724 /* Main.storyboard in Resources */,
				2AE372AB231531FC00E83724 /* BlockDemoViewController.xib in Resources */,
			);
			runOnlyForDeploymentPostprocessing = 0;
		};
		2AE3728423151C5C00E83724 /* Resources */ = {
			isa = PBXResourcesBuildPhase;
			buildActionMask = 2147483647;
			files = (
			);
			runOnlyForDeploymentPostprocessing = 0;
		};
		2AE3728F23151C5C00E83724 /* Resources */ = {
			isa = PBXResourcesBuildPhase;
			buildActionMask = 2147483647;
			files = (
			);
			runOnlyForDeploymentPostprocessing = 0;
		};
/* End PBXResourcesBuildPhase section */

/* Begin PBXSourcesBuildPhase section */
		2AE3726E23151C5B00E83724 /* Sources */ = {
			isa = PBXSourcesBuildPhase;
			buildActionMask = 2147483647;
			files = (
				2AE3727823151C5B00E83724 /* ViewController.swift in Sources */,
				2AE372A523151F1300E83724 /* TabBarViewController.swift in Sources */,
				2AE3727623151C5B00E83724 /* AppDelegate.swift in Sources */,
				2AE372AA231531FC00E83724 /* BlockDemoViewController.swift in Sources */,
				2AE372A723152ADA00E83724 /* ListDemoViewController.swift in Sources */,
			);
			runOnlyForDeploymentPostprocessing = 0;
		};
		2AE3728223151C5C00E83724 /* Sources */ = {
			isa = PBXSourcesBuildPhase;
			buildActionMask = 2147483647;
			files = (
				2AE3728B23151C5C00E83724 /* SwiftProjectTests.swift in Sources */,
			);
			runOnlyForDeploymentPostprocessing = 0;
		};
		2AE3728D23151C5C00E83724 /* Sources */ = {
			isa = PBXSourcesBuildPhase;
			buildActionMask = 2147483647;
			files = (
				2AE3729623151C5C00E83724 /* SwiftProjectUITests.swift in Sources */,
			);
			runOnlyForDeploymentPostprocessing = 0;
		};
/* End PBXSourcesBuildPhase section */

/* Begin PBXTargetDependency section */
		2AE3728823151C5C00E83724 /* PBXTargetDependency */ = {
			isa = PBXTargetDependency;
			target = 2AE3727123151C5B00E83724 /* SwiftProject */;
			targetProxy = 2AE3728723151C5C00E83724 /* PBXContainerItemProxy */;
		};
		2AE3729323151C5C00E83724 /* PBXTargetDependency */ = {
			isa = PBXTargetDependency;
			target = 2AE3727123151C5B00E83724 /* SwiftProject */;
			targetProxy = 2AE3729223151C5C00E83724 /* PBXContainerItemProxy */;
		};
/* End PBXTargetDependency section */

/* Begin PBXVariantGroup section */
		2AE3727923151C5B00E83724 /* Main.storyboard */ = {
			isa = PBXVariantGroup;
			children = (
				2AE3727A23151C5B00E83724 /* Base */,
			);
			name = Main.storyboard;
			sourceTree = "<group>";
		};
		2AE3727E23151C5B00E83724 /* LaunchScreen.storyboard */ = {
			isa = PBXVariantGroup;
			children = (
				2AE3727F23151C5B00E83724 /* Base */,
			);
			name = LaunchScreen.storyboard;
			sourceTree = "<group>";
		};
/* End PBXVariantGroup section */

/* Begin XCBuildConfiguration section */
		2AE3729823151C5C00E83724 /* Debug */ = {
			isa = XCBuildConfiguration;
			buildSettings = {
				ALWAYS_SEARCH_USER_PATHS = NO;
				CLANG_ANALYZER_NONNULL = YES;
				CLANG_ANALYZER_NUMBER_OBJECT_CONVERSION = YES_AGGRESSIVE;
				CLANG_CXX_LANGUAGE_STANDARD = "gnu++14";
				CLANG_CXX_LIBRARY = "libc++";
				CLANG_ENABLE_MODULES = YES;
				CLANG_ENABLE_OBJC_ARC = YES;
				CLANG_ENABLE_OBJC_WEAK = YES;
				CLANG_WARN_BLOCK_CAPTURE_AUTORELEASING = YES;
				CLANG_WARN_BOOL_CONVERSION = YES;
				CLANG_WARN_COMMA = YES;
				CLANG_WARN_CONSTANT_CONVERSION = YES;
				CLANG_WARN_DEPRECATED_OBJC_IMPLEMENTATIONS = YES;
				CLANG_WARN_DIRECT_OBJC_ISA_USAGE = YES_ERROR;
				CLANG_WARN_DOCUMENTATION_COMMENTS = YES;
				CLANG_WARN_EMPTY_BODY = YES;
				CLANG_WARN_ENUM_CONVERSION = YES;
				CLANG_WARN_INFINITE_RECURSION = YES;
				CLANG_WARN_INT_CONVERSION = YES;
				CLANG_WARN_NON_LITERAL_NULL_CONVERSION = YES;
				CLANG_WARN_OBJC_IMPLICIT_RETAIN_SELF = YES;
				CLANG_WARN_OBJC_LITERAL_CONVERSION = YES;
				CLANG_WARN_OBJC_ROOT_CLASS = YES_ERROR;
				CLANG_WARN_RANGE_LOOP_ANALYSIS = YES;
				CLANG_WARN_STRICT_PROTOTYPES = YES;
				CLANG_WARN_SUSPICIOUS_MOVE = YES;
				CLANG_WARN_UNGUARDED_AVAILABILITY = YES_AGGRESSIVE;
				CLANG_WARN_UNREACHABLE_CODE = YES;
				CLANG_WARN__DUPLICATE_METHOD_MATCH = YES;
				CODE_SIGN_IDENTITY = "iPhone Developer";
				COPY_PHASE_STRIP = NO;
				DEBUG_INFORMATION_FORMAT = dwarf;
				ENABLE_STRICT_OBJC_MSGSEND = YES;
				ENABLE_TESTABILITY = YES;
				GCC_C_LANGUAGE_STANDARD = gnu11;
				GCC_DYNAMIC_NO_PIC = NO;
				GCC_NO_COMMON_BLOCKS = YES;
				GCC_OPTIMIZATION_LEVEL = 0;
				GCC_PREPROCESSOR_DEFINITIONS = (
					"DEBUG=1",
					"$(inherited)",
				);
				GCC_WARN_64_TO_32_BIT_CONVERSION = YES;
				GCC_WARN_ABOUT_RETURN_TYPE = YES_ERROR;
				GCC_WARN_UNDECLARED_SELECTOR = YES;
				GCC_WARN_UNINITIALIZED_AUTOS = YES_AGGRESSIVE;
				GCC_WARN_UNUSED_FUNCTION = YES;
				GCC_WARN_UNUSED_VARIABLE = YES;
				IPHONEOS_DEPLOYMENT_TARGET = 12.2;
				MTL_ENABLE_DEBUG_INFO = INCLUDE_SOURCE;
				MTL_FAST_MATH = YES;
				ONLY_ACTIVE_ARCH = YES;
				SDKROOT = iphoneos;
				SWIFT_ACTIVE_COMPILATION_CONDITIONS = DEBUG;
				SWIFT_OPTIMIZATION_LEVEL = "-Onone";
			};
			name = Debug;
		};
		2AE3729923151C5C00E83724 /* Release */ = {
			isa = XCBuildConfiguration;
			buildSettings = {
				ALWAYS_SEARCH_USER_PATHS = NO;
				CLANG_ANALYZER_NONNULL = YES;
				CLANG_ANALYZER_NUMBER_OBJECT_CONVERSION = YES_AGGRESSIVE;
				CLANG_CXX_LANGUAGE_STANDARD = "gnu++14";
				CLANG_CXX_LIBRARY = "libc++";
				CLANG_ENABLE_MODULES = YES;
				CLANG_ENABLE_OBJC_ARC = YES;
				CLANG_ENABLE_OBJC_WEAK = YES;
				CLANG_WARN_BLOCK_CAPTURE_AUTORELEASING = YES;
				CLANG_WARN_BOOL_CONVERSION = YES;
				CLANG_WARN_COMMA = YES;
				CLANG_WARN_CONSTANT_CONVERSION = YES;
				CLANG_WARN_DEPRECATED_OBJC_IMPLEMENTATIONS = YES;
				CLANG_WARN_DIRECT_OBJC_ISA_USAGE = YES_ERROR;
				CLANG_WARN_DOCUMENTATION_COMMENTS = YES;
				CLANG_WARN_EMPTY_BODY = YES;
				CLANG_WARN_ENUM_CONVERSION = YES;
				CLANG_WARN_INFINITE_RECURSION = YES;
				CLANG_WARN_INT_CONVERSION = YES;
				CLANG_WARN_NON_LITERAL_NULL_CONVERSION = YES;
				CLANG_WARN_OBJC_IMPLICIT_RETAIN_SELF = YES;
				CLANG_WARN_OBJC_LITERAL_CONVERSION = YES;
				CLANG_WARN_OBJC_ROOT_CLASS = YES_ERROR;
				CLANG_WARN_RANGE_LOOP_ANALYSIS = YES;
				CLANG_WARN_STRICT_PROTOTYPES = YES;
				CLANG_WARN_SUSPICIOUS_MOVE = YES;
				CLANG_WARN_UNGUARDED_AVAILABILITY = YES_AGGRESSIVE;
				CLANG_WARN_UNREACHABLE_CODE = YES;
				CLANG_WARN__DUPLICATE_METHOD_MATCH = YES;
				CODE_SIGN_IDENTITY = "iPhone Developer";
				COPY_PHASE_STRIP = NO;
				DEBUG_INFORMATION_FORMAT = "dwarf-with-dsym";
				ENABLE_NS_ASSERTIONS = NO;
				ENABLE_STRICT_OBJC_MSGSEND = YES;
				GCC_C_LANGUAGE_STANDARD = gnu11;
				GCC_NO_COMMON_BLOCKS = YES;
				GCC_WARN_64_TO_32_BIT_CONVERSION = YES;
				GCC_WARN_ABOUT_RETURN_TYPE = YES_ERROR;
				GCC_WARN_UNDECLARED_SELECTOR = YES;
				GCC_WARN_UNINITIALIZED_AUTOS = YES_AGGRESSIVE;
				GCC_WARN_UNUSED_FUNCTION = YES;
				GCC_WARN_UNUSED_VARIABLE = YES;
				IPHONEOS_DEPLOYMENT_TARGET = 12.2;
				MTL_ENABLE_DEBUG_INFO = NO;
				MTL_FAST_MATH = YES;
				SDKROOT = iphoneos;
				SWIFT_COMPILATION_MODE = wholemodule;
				SWIFT_OPTIMIZATION_LEVEL = "-O";
				VALIDATE_PRODUCT = YES;
			};
			name = Release;
		};
		2AE3729B23151C5C00E83724 /* Debug */ = {
			isa = XCBuildConfiguration;
			buildSettings = {
				ASSETCATALOG_COMPILER_APPICON_NAME = AppIcon;
				CODE_SIGN_STYLE = Automatic;
				INFOPLIST_FILE = SwiftProject/Info.plist;
				LD_RUNPATH_SEARCH_PATHS = (
					"$(inherited)",
					"@executable_path/Frameworks",
				);
				PRODUCT_BUNDLE_IDENTIFIER = zzz.SwiftProject;
				PRODUCT_NAME = "$(TARGET_NAME)";
				SWIFT_VERSION = 5.0;
				TARGETED_DEVICE_FAMILY = "1,2";
			};
			name = Debug;
		};
		2AE3729C23151C5C00E83724 /* Release */ = {
			isa = XCBuildConfiguration;
			buildSettings = {
				ASSETCATALOG_COMPILER_APPICON_NAME = AppIcon;
				CODE_SIGN_STYLE = Automatic;
				INFOPLIST_FILE = SwiftProject/Info.plist;
				LD_RUNPATH_SEARCH_PATHS = (
					"$(inherited)",
					"@executable_path/Frameworks",
				);
				PRODUCT_BUNDLE_IDENTIFIER = zzz.SwiftProject;
				PRODUCT_NAME = "$(TARGET_NAME)";
				SWIFT_VERSION = 5.0;
				TARGETED_DEVICE_FAMILY = "1,2";
			};
			name = Release;
		};
		2AE3729E23151C5C00E83724 /* Debug */ = {
			isa = XCBuildConfiguration;
			buildSettings = {
				ALWAYS_EMBED_SWIFT_STANDARD_LIBRARIES = YES;
				BUNDLE_LOADER = "$(TEST_HOST)";
				CODE_SIGN_STYLE = Automatic;
				INFOPLIST_FILE = SwiftProjectTests/Info.plist;
				LD_RUNPATH_SEARCH_PATHS = (
					"$(inherited)",
					"@executable_path/Frameworks",
					"@loader_path/Frameworks",
				);
				PRODUCT_BUNDLE_IDENTIFIER = zzz.SwiftProjectTests;
				PRODUCT_NAME = "$(TARGET_NAME)";
				SWIFT_VERSION = 5.0;
				TARGETED_DEVICE_FAMILY = "1,2";
				TEST_HOST = "$(BUILT_PRODUCTS_DIR)/SwiftProject.app/SwiftProject";
			};
			name = Debug;
		};
		2AE3729F23151C5C00E83724 /* Release */ = {
			isa = XCBuildConfiguration;
			buildSettings = {
				ALWAYS_EMBED_SWIFT_STANDARD_LIBRARIES = YES;
				BUNDLE_LOADER = "$(TEST_HOST)";
				CODE_SIGN_STYLE = Automatic;
				INFOPLIST_FILE = SwiftProjectTests/Info.plist;
				LD_RUNPATH_SEARCH_PATHS = (
					"$(inherited)",
					"@executable_path/Frameworks",
					"@loader_path/Frameworks",
				);
				PRODUCT_BUNDLE_IDENTIFIER = zzz.SwiftProjectTests;
				PRODUCT_NAME = "$(TARGET_NAME)";
				SWIFT_VERSION = 5.0;
				TARGETED_DEVICE_FAMILY = "1,2";
				TEST_HOST = "$(BUILT_PRODUCTS_DIR)/SwiftProject.app/SwiftProject";
			};
			name = Release;
		};
		2AE372A123151C5C00E83724 /* Debug */ = {
			isa = XCBuildConfiguration;
			buildSettings = {
				ALWAYS_EMBED_SWIFT_STANDARD_LIBRARIES = YES;
				CODE_SIGN_STYLE = Automatic;
				INFOPLIST_FILE = SwiftProjectUITests/Info.plist;
				LD_RUNPATH_SEARCH_PATHS = (
					"$(inherited)",
					"@executable_path/Frameworks",
					"@loader_path/Frameworks",
				);
				PRODUCT_BUNDLE_IDENTIFIER = zzz.SwiftProjectUITests;
				PRODUCT_NAME = "$(TARGET_NAME)";
				SWIFT_VERSION = 5.0;
				TARGETED_DEVICE_FAMILY = "1,2";
				TEST_TARGET_NAME = SwiftProject;
			};
			name = Debug;
		};
		2AE372A223151C5C00E83724 /* Release */ = {
			isa = XCBuildConfiguration;
			buildSettings = {
				ALWAYS_EMBED_SWIFT_STANDARD_LIBRARIES = YES;
				CODE_SIGN_STYLE = Automatic;
				INFOPLIST_FILE = SwiftProjectUITests/Info.plist;
				LD_RUNPATH_SEARCH_PATHS = (
					"$(inherited)",
					"@executable_path/Frameworks",
					"@loader_path/Frameworks",
				);
				PRODUCT_BUNDLE_IDENTIFIER = zzz.SwiftProjectUITests;
				PRODUCT_NAME = "$(TARGET_NAME)";
				SWIFT_VERSION = 5.0;
				TARGETED_DEVICE_FAMILY = "1,2";
				TEST_TARGET_NAME = SwiftProject;
			};
			name = Release;
		};
/* End XCBuildConfiguration section */

/* Begin XCConfigurationList section */
		2AE3726D23151C5B00E83724 /* Build configuration list for PBXProject "SwiftProject" */ = {
			isa = XCConfigurationList;
			buildConfigurations = (
				2AE3729823151C5C00E83724 /* Debug */,
				2AE3729923151C5C00E83724 /* Release */,
			);
			defaultConfigurationIsVisible = 0;
			defaultConfigurationName = Release;
		};
		2AE3729A23151C5C00E83724 /* Build configuration list for PBXNativeTarget "SwiftProject" */ = {
			isa = XCConfigurationList;
			buildConfigurations = (
				2AE3729B23151C5C00E83724 /* Debug */,
				2AE3729C23151C5C00E83724 /* Release */,
			);
			defaultConfigurationIsVisible = 0;
			defaultConfigurationName = Release;
		};
		2AE3729D23151C5C00E83724 /* Build configuration list for PBXNativeTarget "SwiftProjectTests" */ = {
			isa = XCConfigurationList;
			buildConfigurations = (
				2AE3729E23151C5C00E83724 /* Debug */,
				2AE3729F23151C5C00E83724 /* Release */,
			);
			defaultConfigurationIsVisible = 0;
			defaultConfigurationName = Release;
		};
		2AE372A023151C5C00E83724 /* Build configuration list for PBXNativeTarget "SwiftProjectUITests" */ = {
			isa = XCConfigurationList;
			buildConfigurations = (
				2AE372A123151C5C00E83724 /* Debug */,
				2AE372A223151C5C00E83724 /* Release */,
			);
			defaultConfigurationIsVisible = 0;
			defaultConfigurationName = Release;
		};
/* End XCConfigurationList section */
	};
	rootObject = 2AE3726A23151C5B00E83724 /* Project object */;
}
